
Microsoft Visual Studio Solution File, Format Version 12.00
# Visual Studio Version 16
VisualStudioVersion = 16.0.30804.86
MinimumVisualStudioVersion = 10.0.40219.1
Project("{FAE04EC0-301F-11D3-BF4B-00C04F79EFBC}") = "main", "QLCHBD-OOAD\main.csproj", "{92CFAD76-BFB7-4A69-875C-8C7F09761658}"
EndProject
Global
	GlobalSection(SolutionConfigurationPlatforms) = preSolution
		Debug|Any CPU = Debug|Any CPU
		Release|Any CPU = Release|Any CPU
	EndGlobalSection
	GlobalSection(ProjectConfigurationPlatforms) = postSolution
		{92CFAD76-BFB7-4A69-875C-8C7F09761658}.Debug|Any CPU.ActiveCfg = Debug|Any CPU
		{92CFAD76-BFB7-4A69-875C-8C7F09761658}.Debug|Any CPU.Build.0 = Debug|Any CPU
		{92CFAD76-BFB7-4A69-875C-8C7F09761658}.Release|Any CPU.ActiveCfg = Release|Any CPU
		{92CFAD76-BFB7-4A69-875C-8C7F09761658}.Release|Any CPU.Build.0 = Release|Any CPU
	EndGlobalSection
	GlobalSection(SolutionProperties) = preSolution
		HideSolutionNode = FALSE
	EndGlobalSection
	GlobalSection(ExtensibilityGlobals) = postSolution
		SolutionGuid = {2D360E53-3C59-4AD3-BD2D-97BBCBBB8EE0}
	EndGlobalSection
EndGlobal
